
Microsoft Visual Studio Solution File, Format Version 12.00
Project("{FAE04EC0-301F-11D3-BF4B-00C04F79EFBC}") = "LegalDoc.Backend", "LegalDoc.Backend\LegalDoc.Backend.csproj", "{B56C3E93-FEC4-4E68-93B1-00C7416526E2}"
EndProject
Project("{FAE04EC0-301F-11D3-BF4B-00C04F79EFBC}") = "Shared", "Shared\Shared.csproj", "{53811B68-66E9-40D8-8780-1C585A69A921}"
EndProject
Project("{FAE04EC0-301F-11D3-BF4B-00C04F79EFBC}") = "Application", "Application\Application.csproj", "{1A6B1E4A-009F-41A8-92AA-6FC818F32183}"
EndProject
Project("{FAE04EC0-301F-11D3-BF4B-00C04F79EFBC}") = "Domain", "Domain\Domain.csproj", "{1CECED95-690E-44D0-99CD-6CB26D7C350B}"
EndProject
Project("{FAE04EC0-301F-11D3-BF4B-00C04F79EFBC}") = "Infrastructure", "Infrastructure\Infrastructure.csproj", "{821D9193-D48F-4ECF-A7B3-BFC39EC15DF6}"
EndProject
Global
	GlobalSection(SolutionConfigurationPlatforms) = preSolution
		Debug|Any CPU = Debug|Any CPU
		Release|Any CPU = Release|Any CPU
	EndGlobalSection
	GlobalSection(ProjectConfigurationPlatforms) = postSolution
		{B56C3E93-FEC4-4E68-93B1-00C7416526E2}.Debug|Any CPU.ActiveCfg = Debug|Any CPU
		{B56C3E93-FEC4-4E68-93B1-00C7416526E2}.Debug|Any CPU.Build.0 = Debug|Any CPU
		{B56C3E93-FEC4-4E68-93B1-00C7416526E2}.Release|Any CPU.ActiveCfg = Release|Any CPU
		{B56C3E93-FEC4-4E68-93B1-00C7416526E2}.Release|Any CPU.Build.0 = Release|Any CPU
		{53811B68-66E9-40D8-8780-1C585A69A921}.Debug|Any CPU.ActiveCfg = Debug|Any CPU
		{53811B68-66E9-40D8-8780-1C585A69A921}.Debug|Any CPU.Build.0 = Debug|Any CPU
		{53811B68-66E9-40D8-8780-1C585A69A921}.Release|Any CPU.ActiveCfg = Release|Any CPU
		{53811B68-66E9-40D8-8780-1C585A69A921}.Release|Any CPU.Build.0 = Release|Any CPU
		{1A6B1E4A-009F-41A8-92AA-6FC818F32183}.Debug|Any CPU.ActiveCfg = Debug|Any CPU
		{1A6B1E4A-009F-41A8-92AA-6FC818F32183}.Debug|Any CPU.Build.0 = Debug|Any CPU
		{1A6B1E4A-009F-41A8-92AA-6FC818F32183}.Release|Any CPU.ActiveCfg = Release|Any CPU
		{1A6B1E4A-009F-41A8-92AA-6FC818F32183}.Release|Any CPU.Build.0 = Release|Any CPU
		{1CECED95-690E-44D0-99CD-6CB26D7C350B}.Debug|Any CPU.ActiveCfg = Debug|Any CPU
		{1CECED95-690E-44D0-99CD-6CB26D7C350B}.Debug|Any CPU.Build.0 = Debug|Any CPU
		{1CECED95-690E-44D0-99CD-6CB26D7C350B}.Release|Any CPU.ActiveCfg = Release|Any CPU
		{1CECED95-690E-44D0-99CD-6CB26D7C350B}.Release|Any CPU.Build.0 = Release|Any CPU
		{821D9193-D48F-4ECF-A7B3-BFC39EC15DF6}.Debug|Any CPU.ActiveCfg = Debug|Any CPU
		{821D9193-D48F-4ECF-A7B3-BFC39EC15DF6}.Debug|Any CPU.Build.0 = Debug|Any CPU
		{821D9193-D48F-4ECF-A7B3-BFC39EC15DF6}.Release|Any CPU.ActiveCfg = Release|Any CPU
		{821D9193-D48F-4ECF-A7B3-BFC39EC15DF6}.Release|Any CPU.Build.0 = Release|Any CPU
	EndGlobalSection
EndGlobal
